# This file is automatically @generated by Poetry 1.8.4 and should not be changed by hand.

[[package]]
name = "babel"
version = "2.16.0"
description = "Internationalization utilities"
optional = false
python-versions = ">=3.8"
files = [
    {file = "babel-2.16.0-py3-none-any.whl", hash = "sha256:368b5b98b37c06b7daf6696391c3240c938b37767d4584413e8438c5c435fa8b"},
    {file = "babel-2.16.0.tar.gz", hash = "sha256:d1f3554ca26605fe173f3de0c65f750f5a42f924499bf134de6423582298e316"},
]

[package.extras]
dev = ["freezegun (>=1.0,<2.0)", "pytest (>=6.0)", "pytest-cov"]

[[package]]
name = "pymupdf"
version = "1.24.12"
description = "A high performance Python library for data extraction, analysis, conversion & manipulation of PDF (and other) documents."
optional = false
python-versions = ">=3.9"
files = [
    {file = "PyMuPDF-1.24.12-cp39-abi3-macosx_10_9_x86_64.whl", hash = "sha256:2228a46edc53bf8f83cbe5a8cf0a83bb8cf406614e6976906d3655355e079ec5"},
    {file = "PyMuPDF-1.24.12-cp39-abi3-macosx_11_0_arm64.whl", hash = "sha256:deac1546a80afc0930ffefb9714ff8aec54210ed2b1d8ecdd44e4c2b9e0ee839"},
    {file = "PyMuPDF-1.24.12-cp39-abi3-manylinux2014_aarch64.manylinux_2_17_aarch64.whl", hash = "sha256:d4a387a0e98a63b1ccc326032ffe7d3982d3d92495b661ca89ea634048e11f4e"},
    {file = "PyMuPDF-1.24.12-cp39-abi3-manylinux2014_x86_64.manylinux_2_17_x86_64.whl", hash = "sha256:dd8e8a24601c4483ed8a3699922fe48ad0179d28121816a131ba8c4534ad5682"},
    {file = "PyMuPDF-1.24.12-cp39-abi3-musllinux_1_2_x86_64.whl", hash = "sha256:f021d5060f946662345d62564fb06c4289d8522d4a249543e26de5f9ff3c9d06"},
    {file = "PyMuPDF-1.24.12-cp39-abi3-win32.whl", hash = "sha256:2d099328fefdf0ee53a4146db9b05aab120b6e4d68cc4510c07a706fed19625a"},
    {file = "PyMuPDF-1.24.12-cp39-abi3-win_amd64.whl", hash = "sha256:9017bb5c05e3480c1f5a15671be9208363e0a31307445480ac5a810672f7342e"},
    {file = "PyMuPDF-1.24.12.tar.gz", hash = "sha256:ba6d212d7a286b6fab9024c669aa314edfcbdd5b45fa6f5ea5d463a9e7576e52"},
]

[[package]]
name = "tabulate"
version = "0.9.0"
description = "Pretty-print tabular data"
optional = false
python-versions = ">=3.7"
files = [
    {file = "tabulate-0.9.0-py3-none-any.whl", hash = "sha256:024ca478df22e9340661486f85298cff5f6dcdba14f3813e8830015b9ed1948f"},
    {file = "tabulate-0.9.0.tar.gz", hash = "sha256:0095b12bf5966de529c0feb1fa08671671b3368eec77d7ef7ab114be2c068b3c"},
]

[package.extras]
widechars = ["wcwidth"]

[metadata]
lock-version = "2.0"
python-versions = "^3.13"
content-hash = "c7dce1429471c56802fe3d2719bcfe6571df180fb6958026412298a7c4713be8"
