version = 1
revision = 2
requires-python = ">=3.13"

[[package]]
name = "babel"
version = "2.18.0"
source = { registry = "https://pypi.org/simple" }
sdist = { url = "https://files.pythonhosted.org/packages/7d/b2/51899539b6ceeeb420d40ed3cd4b7a40519404f9baf3d4ac99dc413a834b/babel-2.18.0.tar.gz", hash = "sha256:b80b99a14bd085fcacfa15c9165f651fbb3406e66cc603abf11c5750937c992d", size = 9959554, upload-time = "2026-02-01T12:30:56.078Z" }
wheels = [
    { url = "https://files.pythonhosted.org/packages/77/f5/21d2de20e8b8b0408f0681956ca2c69f1320a3848ac50e6e7f39c6159675/babel-2.18.0-py3-none-any.whl", hash = "sha256:e2b422b277c2b9a9630c1d7903c2a00d0830c409c59ac8cae9081c92f1aeba35", size = 10196845, upload-time = "2026-02-01T12:30:53.445Z" },
]

[[package]]
name = "expences"
version = "0.1.0"
source = { virtual = "." }
dependencies = [
    { name = "babel" },
    { name = "pymupdf" },
    { name = "tabulate" },
]

[package.metadata]
requires-dist = [
    { name = "babel", specifier = ">=2.16.0" },
    { name = "pymupdf", specifier = ">=1.24.12" },
    { name = "tabulate", specifier = ">=0.9.0" },
]

[[package]]
name = "pymupdf"
version = "1.27.1"
source = { registry = "https://pypi.org/simple" }
sdist = { url = "https://files.pythonhosted.org/packages/1b/0c/40dda0cc4bd2220a2ef75f8c53dd7d8ed1e29681fcb3df75db6ee9677a7e/pymupdf-1.27.1.tar.gz", hash = "sha256:4afbde0769c336717a149ab0de3330dcb75378f795c1a8c5af55c1a628b17d55", size = 85303479, upload-time = "2026-02-12T08:29:17.682Z" }
wheels = [
    { url = "https://files.pythonhosted.org/packages/13/19/fde6ea4712a904b65e8f41124a0e4233879b87a770fe6a8ce857964de6d5/pymupdf-1.27.1-cp310-abi3-macosx_10_9_x86_64.whl", hash = "sha256:bee9f95512f9556dbf2cacfd1413c61b29a55baa07fa7f8fc83d221d8419888a", size = 23986707, upload-time = "2026-02-11T15:03:24.025Z" },
    { url = "https://files.pythonhosted.org/packages/75/c2/070dff91ad3f1bc16fd6c6ceff23495601fcce4c92d28be534417596418a/pymupdf-1.27.1-cp310-abi3-macosx_11_0_arm64.whl", hash = "sha256:3de95a0889395b0966fafd11b94980b7543a816e89dd1c218597a08543ac3415", size = 23263493, upload-time = "2026-02-11T15:03:45.528Z" },
    { url = "https://files.pythonhosted.org/packages/8e/db/937377f4b3e0fbf6273c17436a49f7db17df1a46b1be9e26653b6fafc0e1/pymupdf-1.27.1-cp310-abi3-manylinux_2_28_aarch64.whl", hash = "sha256:2c9d9353b840040cbc724341f4095fb7e2cc1a12a9147d0ec1a0a79f5d773147", size = 24317651, upload-time = "2026-02-11T22:33:38.967Z" },
    { url = "https://files.pythonhosted.org/packages/72/d5/c701cf2d0cdd6e5d6bca3ca9188d7f5d7ce3ae67dd1368d658cd4bae2707/pymupdf-1.27.1-cp310-abi3-manylinux_2_28_x86_64.whl", hash = "sha256:aeaed76e72cbc061149a825ab0811c5f4752970c56591c2938c5042ec06b26e1", size = 24945742, upload-time = "2026-02-11T15:04:06.21Z" },
    { url = "https://files.pythonhosted.org/packages/2b/29/690202b38b93cf77b73a29c25a63a2b6f3fcb36b1f75006e50b8dee7c108/pymupdf-1.27.1-cp310-abi3-musllinux_1_2_x86_64.whl", hash = "sha256:4f1837554134fb45d390a44de8844b2ca9b6c901c82ccc90b340e3b7f3b126ca", size = 25167965, upload-time = "2026-02-11T22:36:35.478Z" },
    { url = "https://files.pythonhosted.org/packages/8a/81/f937e6aa606fd263c3a45d0ff0f0bbdbf3fb779933091fc0f6179513cc93/pymupdf-1.27.1-cp310-abi3-win32.whl", hash = "sha256:fa33b512d82c6c4852edadf57f22d5f27d16243bb33dac0fbe4eb0f281c5b17e", size = 18006253, upload-time = "2026-02-12T13:48:07.129Z" },
    { url = "https://files.pythonhosted.org/packages/3e/99/fe4a7752990bf65277718fffbead4478de9afd1c7288d7a6d643f79a6fa7/pymupdf-1.27.1-cp310-abi3-win_amd64.whl", hash = "sha256:4b6268dff3a9d713034eba5c2ffce0da37c62443578941ac5df433adcde57b2f", size = 19236703, upload-time = "2026-02-11T15:04:19.607Z" },
]

[[package]]
name = "tabulate"
version = "0.10.0"
source = { registry = "https://pypi.org/simple" }
sdist = { url = "https://files.pythonhosted.org/packages/46/58/8c37dea7bbf769b20d58e7ace7e5edfe65b849442b00ffcdd56be88697c6/tabulate-0.10.0.tar.gz", hash = "sha256:e2cfde8f79420f6deeffdeda9aaec3b6bc5abce947655d17ac662b126e48a60d", size = 91754, upload-time = "2026-03-04T18:55:34.402Z" }
wheels = [
    { url = "https://files.pythonhosted.org/packages/99/55/db07de81b5c630da5cbf5c7df646580ca26dfaefa593667fc6f2fe016d2e/tabulate-0.10.0-py3-none-any.whl", hash = "sha256:f0b0622e567335c8fabaaa659f1b33bcb6ddfe2e496071b743aa113f8774f2d3", size = 39814, upload-time = "2026-03-04T18:55:31.284Z" },
]
